
Microsoft Visual Studio Solution File, Format Version 12.00
Project("{FAE04EC0-301F-11D3-BF4B-00C04F79EFBC}") = "TwitchClipPlayer", "TwitchClipPlayer\TwitchClipPlayer.csproj", "{66D3DBFB-63A7-44B6-97D1-3CE1D522B6B1}"
EndProject
Project("{FAE04EC0-301F-11D3-BF4B-00C04F79EFBC}") = "TwitchClipPlayerTests", "TwitchClipPlayerTests\TwitchClipPlayerTests.csproj", "{3B0ABBE1-EDD6-4EE5-92E5-2AE03CBC66A9}"
EndProject
Global
	GlobalSection(SolutionConfigurationPlatforms) = preSolution
		Debug|Any CPU = Debug|Any CPU
		Release|Any CPU = Release|Any CPU
	EndGlobalSection
	GlobalSection(ProjectConfigurationPlatforms) = postSolution
		{66D3DBFB-63A7-44B6-97D1-3CE1D522B6B1}.Debug|Any CPU.ActiveCfg = Debug|Any CPU
		{66D3DBFB-63A7-44B6-97D1-3CE1D522B6B1}.Debug|Any CPU.Build.0 = Debug|Any CPU
		{66D3DBFB-63A7-44B6-97D1-3CE1D522B6B1}.Release|Any CPU.ActiveCfg = Release|Any CPU
		{66D3DBFB-63A7-44B6-97D1-3CE1D522B6B1}.Release|Any CPU.Build.0 = Release|Any CPU
		{3B0ABBE1-EDD6-4EE5-92E5-2AE03CBC66A9}.Debug|Any CPU.ActiveCfg = Debug|Any CPU
		{3B0ABBE1-EDD6-4EE5-92E5-2AE03CBC66A9}.Debug|Any CPU.Build.0 = Debug|Any CPU
		{3B0ABBE1-EDD6-4EE5-92E5-2AE03CBC66A9}.Release|Any CPU.ActiveCfg = Release|Any CPU
		{3B0ABBE1-EDD6-4EE5-92E5-2AE03CBC66A9}.Release|Any CPU.Build.0 = Release|Any CPU
	EndGlobalSection
EndGlobal
